<?xml version="1.0" encoding="utf-8"?>
<Project ToolsVersion="4.0" xmlns="http://schemas.microsoft.com/developer/msbuild/2003">
  <ItemGroup>
    <ClInclude Include="stdafx.h" />
    <ClInclude Include="platform.h" />
    <ClInclude Include="platform_cc_solaris.h" />
    <ClInclude Include="platform_gcc_linux.h" />
    <ClInclude Include="platform_msvc_windows.h" />
    <ClInclude Include="ff\ubuffer.hpp">
      <Filter>ff</Filter>
    </ClInclude>
    <ClInclude Include="ff\allocator.hpp">
      <Filter>ff</Filter>
    </ClInclude>
    <ClInclude Include="ff\buffer.hpp">
      <Filter>ff</Filter>
    </ClInclude>
    <ClInclude Include="ff\dynqueue.hpp">
      <Filter>ff</Filter>
    </ClInclude>
    <ClInclude Include="ff\spin-lock.hpp">
      <Filter>ff</Filter>
    </ClInclude>
    <ClInclude Include="ff\svector.hpp">
      <Filter>ff</Filter>
    </ClInclude>
    <ClInclude Include="ff\utils.hpp">
      <Filter>ff</Filter>
    </ClInclude>
    <ClInclude Include="ff\cycle.h">
      <Filter>ff</Filter>
    </ClInclude>
  </ItemGroup>
  <ItemGroup>
    <ClCompile Include="ff_queue.cpp" />
    <ClCompile Include="stdafx.cpp" />
  </ItemGroup>
  <ItemGroup>
    <Filter Include="ff">
      <UniqueIdentifier>{fc39a76d-8069-439f-9ceb-7e288098120b}</UniqueIdentifier>
    </Filter>
  </ItemGroup>
</Project>